# THIS IS AN AUTOGENERATED FILE. DO NOT EDIT THIS FILE DIRECTLY.
# yarn lockfile v1


"@types/node@14.14.13":
  version "14.14.13"
  resolved "https://registry.yarnpkg.com/@types/node/-/node-14.14.13.tgz#9e425079799322113ae8477297ae6ef51b8e0cdf"
  integrity sha512-vbxr0VZ8exFMMAjCW8rJwaya0dMCDyYW2ZRdTyjtrCvJoENMpdUHOT/eTzvgyA5ZnqRZ/sI0NwqAxNHKYokLJQ==

"@types/web-bluetooth@0.0.9":
  version "0.0.9"
  resolved "https://registry.yarnpkg.com/@types/web-bluetooth/-/web-bluetooth-0.0.9.tgz#bfd545f6cbc32fc9d92e9543b5ea18ba0957e955"
  integrity sha512-P6oHnRSEqRCR1fdAtJXmKBiHE3fOWtNFyfjm9NQZPrxdQjSZgRSiKRiHjLyKBh8eCvM8ldDS8/VJN0qKg0Pk1Q==

cargo-cp-artifact@^0.1:
  version "0.1.4"
  resolved "https://registry.yarnpkg.com/cargo-cp-artifact/-/cargo-cp-artifact-0.1.4.tgz#1551500e6b1422e27c4da6de38deaac0a55466f9"
  integrity sha512-34yUas8aUENHGdk6JhLkV4ol0GLtP78YgqpsRDmmnpADy9JoTg/DgKM3CRHAeozTRNhKoPaRFhV+BxoqkmoKUA==
